// !$*UTF8*$!
{
	archiveVersion = 1;
	classes = {
	};
	objectVersion = 50;
	objects = {

/* Begin PBXBuildFile section */
		2C8DC3582574169700F3A681 /* AppDelegate.swift in Sources */ = {isa = PBXBuildFile; fileRef = 2C8DC3572574169700F3A681 /* AppDelegate.swift */; };
		2C8DC35C2574169800F3A681 /* Assets.xcassets in Resources */ = {isa = PBXBuildFile; fileRef = 2C8DC35B2574169800F3A681 /* Assets.xcassets */; };
		2C8DC35F2574169800F3A681 /* Main.storyboard in Resources */ = {isa = PBXBuildFile; fileRef = 2C8DC35D2574169800F3A681 /* Main.storyboard */; };
		2C8DC36A2574377E00F3A681 /* DemoView.swift in Sources */ = {isa = PBXBuildFile; fileRef = 2C8DC3692574377E00F3A681 /* DemoView.swift */; };
		2C8DC36D2574385C00F3A681 /* DemoRenderrer.swift in Sources */ = {isa = PBXBuildFile; fileRef = 2C8DC36C2574385C00F3A681 /* DemoRenderrer.swift */; };
		2C8DC3712574485700F3A681 /* DemoMetalFile.metal in Sources */ = {isa = PBXBuildFile; fileRef = 2C8DC3702574485700F3A681 /* DemoMetalFile.metal */; };
		2C8DC37525744F9900F3A681 /* DemoResourceInitializer.swift in Sources */ = {isa = PBXBuildFile; fileRef = 2C8DC37425744F9900F3A681 /* DemoResourceInitializer.swift */; };
		2CCCE4722574D4470042F64E /* DemoTypes.swift in Sources */ = {isa = PBXBuildFile; fileRef = 2CCCE4712574D4470042F64E /* DemoTypes.swift */; };
		2CCCE476257501040042F64E /* Reademe.md in Resources */ = {isa = PBXBuildFile; fileRef = 2CCCE475257501040042F64E /* Reademe.md */; };
/* End PBXBuildFile section */

/* Begin PBXFileReference section */
		2C8DC3542574169700F3A681 /* multipleObjects.app */ = {isa = PBXFileReference; explicitFileType = wrapper.application; includeInIndex = 0; path = multipleObjects.app; sourceTree = BUILT_PRODUCTS_DIR; };
		2C8DC3572574169700F3A681 /* AppDelegate.swift */ = {isa = PBXFileReference; lastKnownFileType = sourcecode.swift; path = AppDelegate.swift; sourceTree = "<group>"; };
		2C8DC35B2574169800F3A681 /* Assets.xcassets */ = {isa = PBXFileReference; lastKnownFileType = folder.assetcatalog; path = Assets.xcassets; sourceTree = "<group>"; };
		2C8DC35E2574169800F3A681 /* Base */ = {isa = PBXFileReference; lastKnownFileType = file.storyboard; name = Base; path = Base.lproj/Main.storyboard; sourceTree = "<group>"; };
		2C8DC3602574169800F3A681 /* Info.plist */ = {isa = PBXFileReference; lastKnownFileType = text.plist.xml; path = Info.plist; sourceTree = "<group>"; };
		2C8DC3612574169800F3A681 /* multipleObjects.entitlements */ = {isa = PBXFileReference; lastKnownFileType = text.plist.entitlements; path = multipleObjects.entitlements; sourceTree = "<group>"; };
		2C8DC3692574377E00F3A681 /* DemoView.swift */ = {isa = PBXFileReference; lastKnownFileType = sourcecode.swift; path = DemoView.swift; sourceTree = "<group>"; };
		2C8DC36C2574385C00F3A681 /* DemoRenderrer.swift */ = {isa = PBXFileReference; lastKnownFileType = sourcecode.swift; path = DemoRenderrer.swift; sourceTree = "<group>"; };
		2C8DC3702574485700F3A681 /* DemoMetalFile.metal */ = {isa = PBXFileReference; lastKnownFileType = sourcecode.metal; path = DemoMetalFile.metal; sourceTree = "<group>"; };
		2C8DC37425744F9900F3A681 /* DemoResourceInitializer.swift */ = {isa = PBXFileReference; lastKnownFileType = sourcecode.swift; path = DemoResourceInitializer.swift; sourceTree = "<group>"; };
		2CCCE4712574D4470042F64E /* DemoTypes.swift */ = {isa = PBXFileReference; lastKnownFileType = sourcecode.swift; path = DemoTypes.swift; sourceTree = "<group>"; };
		2CCCE475257501040042F64E /* Reademe.md */ = {isa = PBXFileReference; lastKnownFileType = net.daringfireball.markdown; path = Reademe.md; sourceTree = "<group>"; };
/* End PBXFileReference section */

/* Begin PBXFrameworksBuildPhase section */
		2C8DC3512574169700F3A681 /* Frameworks */ = {
			isa = PBXFrameworksBuildPhase;
			buildActionMask = 2147483647;
			files = (
			);
			runOnlyForDeploymentPostprocessing = 0;
		};
/* End PBXFrameworksBuildPhase section */

/* Begin PBXGroup section */
		2C8DC34B2574169700F3A681 = {
			isa = PBXGroup;
			children = (
				2C8DC3562574169700F3A681 /* multipleObjects */,
				2C8DC3552574169700F3A681 /* Products */,
			);
			sourceTree = "<group>";
		};
		2C8DC3552574169700F3A681 /* Products */ = {
			isa = PBXGroup;
			children = (
				2C8DC3542574169700F3A681 /* multipleObjects.app */,
			);
			name = Products;
			sourceTree = "<group>";
		};
		2C8DC3562574169700F3A681 /* multipleObjects */ = {
			isa = PBXGroup;
			children = (
				2C8DC3572574169700F3A681 /* AppDelegate.swift */,
				2C8DC35B2574169800F3A681 /* Assets.xcassets */,
				2C8DC35D2574169800F3A681 /* Main.storyboard */,
				2C8DC3602574169800F3A681 /* Info.plist */,
				2C8DC3612574169800F3A681 /* multipleObjects.entitlements */,
				2C8DC3692574377E00F3A681 /* DemoView.swift */,
				2C8DC36C2574385C00F3A681 /* DemoRenderrer.swift */,
				2C8DC3702574485700F3A681 /* DemoMetalFile.metal */,
				2C8DC37425744F9900F3A681 /* DemoResourceInitializer.swift */,
				2CCCE4712574D4470042F64E /* DemoTypes.swift */,
				2CCCE475257501040042F64E /* Reademe.md */,
			);
			path = multipleObjects;
			sourceTree = "<group>";
		};
/* End PBXGroup section */

/* Begin PBXNativeTarget section */
		2C8DC3532574169700F3A681 /* multipleObjects */ = {
			isa = PBXNativeTarget;
			buildConfigurationList = 2C8DC3642574169800F3A681 /* Build configuration list for PBXNativeTarget "multipleObjects" */;
			buildPhases = (
				2C8DC3502574169700F3A681 /* Sources */,
				2C8DC3512574169700F3A681 /* Frameworks */,
				2C8DC3522574169700F3A681 /* Resources */,
			);
			buildRules = (
			);
			dependencies = (
			);
			name = multipleObjects;
			productName = multipleObjects;
			productReference = 2C8DC3542574169700F3A681 /* multipleObjects.app */;
			productType = "com.apple.product-type.application";
		};
/* End PBXNativeTarget section */

/* Begin PBXProject section */
		2C8DC34C2574169700F3A681 /* Project object */ = {
			isa = PBXProject;
			attributes = {
				LastSwiftUpdateCheck = 1220;
				LastUpgradeCheck = 1220;
				TargetAttributes = {
					2C8DC3532574169700F3A681 = {
						CreatedOnToolsVersion = 12.2;
					};
				};
			};
			buildConfigurationList = 2C8DC34F2574169700F3A681 /* Build configuration list for PBXProject "multipleObjects" */;
			compatibilityVersion = "Xcode 9.3";
			developmentRegion = en;
			hasScannedForEncodings = 0;
			knownRegions = (
				en,
				Base,
			);
			mainGroup = 2C8DC34B2574169700F3A681;
			productRefGroup = 2C8DC3552574169700F3A681 /* Products */;
			projectDirPath = "";
			projectRoot = "";
			targets = (
				2C8DC3532574169700F3A681 /* multipleObjects */,
			);
		};
/* End PBXProject section */

/* Begin PBXResourcesBuildPhase section */
		2C8DC3522574169700F3A681 /* Resources */ = {
			isa = PBXResourcesBuildPhase;
			buildActionMask = 2147483647;
			files = (
				2CCCE476257501040042F64E /* Reademe.md in Resources */,
				2C8DC35C2574169800F3A681 /* Assets.xcassets in Resources */,
				2C8DC35F2574169800F3A681 /* Main.storyboard in Resources */,
			);
			runOnlyForDeploymentPostprocessing = 0;
		};
/* End PBXResourcesBuildPhase section */

/* Begin PBXSourcesBuildPhase section */
		2C8DC3502574169700F3A681 /* Sources */ = {
			isa = PBXSourcesBuildPhase;
			buildActionMask = 2147483647;
			files = (
				2C8DC37525744F9900F3A681 /* DemoResourceInitializer.swift in Sources */,
				2C8DC3712574485700F3A681 /* DemoMetalFile.metal in Sources */,
				2CCCE4722574D4470042F64E /* DemoTypes.swift in Sources */,
				2C8DC3582574169700F3A681 /* AppDelegate.swift in Sources */,
				2C8DC36D2574385C00F3A681 /* DemoRenderrer.swift in Sources */,
				2C8DC36A2574377E00F3A681 /* DemoView.swift in Sources */,
			);
			runOnlyForDeploymentPostprocessing = 0;
		};
/* End PBXSourcesBuildPhase section */

/* Begin PBXVariantGroup section */
		2C8DC35D2574169800F3A681 /* Main.storyboard */ = {
			isa = PBXVariantGroup;
			children = (
				2C8DC35E2574169800F3A681 /* Base */,
			);
			name = Main.storyboard;
			sourceTree = "<group>";
		};
/* End PBXVariantGroup section */

/* Begin XCBuildConfiguration section */
		2C8DC3622574169800F3A681 /* Debug */ = {
			isa = XCBuildConfiguration;
			buildSettings = {
				ALWAYS_SEARCH_USER_PATHS = NO;
				CLANG_ANALYZER_NONNULL = YES;
				CLANG_ANALYZER_NUMBER_OBJECT_CONVERSION = YES_AGGRESSIVE;
				CLANG_CXX_LANGUAGE_STANDARD = "gnu++14";
				CLANG_CXX_LIBRARY = "libc++";
				CLANG_ENABLE_MODULES = YES;
				CLANG_ENABLE_OBJC_ARC = YES;
				CLANG_ENABLE_OBJC_WEAK = YES;
				CLANG_WARN_BLOCK_CAPTURE_AUTORELEASING = YES;
				CLANG_WARN_BOOL_CONVERSION = YES;
				CLANG_WARN_COMMA = YES;
				CLANG_WARN_CONSTANT_CONVERSION = YES;
				CLANG_WARN_DEPRECATED_OBJC_IMPLEMENTATIONS = YES;
				CLANG_WARN_DIRECT_OBJC_ISA_USAGE = YES_ERROR;
				CLANG_WARN_DOCUMENTATION_COMMENTS = YES;
				CLANG_WARN_EMPTY_BODY = YES;
				CLANG_WARN_ENUM_CONVERSION = YES;
				CLANG_WARN_INFINITE_RECURSION = YES;
				CLANG_WARN_INT_CONVERSION = YES;
				CLANG_WARN_NON_LITERAL_NULL_CONVERSION = YES;
				CLANG_WARN_OBJC_IMPLICIT_RETAIN_SELF = YES;
				CLANG_WARN_OBJC_LITERAL_CONVERSION = YES;
				CLANG_WARN_OBJC_ROOT_CLASS = YES_ERROR;
				CLANG_WARN_QUOTED_INCLUDE_IN_FRAMEWORK_HEADER = YES;
				CLANG_WARN_RANGE_LOOP_ANALYSIS = YES;
				CLANG_WARN_STRICT_PROTOTYPES = YES;
				CLANG_WARN_SUSPICIOUS_MOVE = YES;
				CLANG_WARN_UNGUARDED_AVAILABILITY = YES_AGGRESSIVE;
				CLANG_WARN_UNREACHABLE_CODE = YES;
				CLANG_WARN__DUPLICATE_METHOD_MATCH = YES;
				COPY_PHASE_STRIP = NO;
				DEBUG_INFORMATION_FORMAT = dwarf;
				ENABLE_STRICT_OBJC_MSGSEND = YES;
				ENABLE_TESTABILITY = YES;
				GCC_C_LANGUAGE_STANDARD = gnu11;
				GCC_DYNAMIC_NO_PIC = NO;
				GCC_NO_COMMON_BLOCKS = YES;
				GCC_OPTIMIZATION_LEVEL = 0;
				GCC_PREPROCESSOR_DEFINITIONS = (
					"DEBUG=1",
					"$(inherited)",
				);
				GCC_WARN_64_TO_32_BIT_CONVERSION = YES;
				GCC_WARN_ABOUT_RETURN_TYPE = YES_ERROR;
				GCC_WARN_UNDECLARED_SELECTOR = YES;
				GCC_WARN_UNINITIALIZED_AUTOS = YES_AGGRESSIVE;
				GCC_WARN_UNUSED_FUNCTION = YES;
				GCC_WARN_UNUSED_VARIABLE = YES;
				MACOSX_DEPLOYMENT_TARGET = 11.0;
				MTL_ENABLE_DEBUG_INFO = INCLUDE_SOURCE;
				MTL_FAST_MATH = YES;
				ONLY_ACTIVE_ARCH = YES;
				SDKROOT = macosx;
				SWIFT_ACTIVE_COMPILATION_CONDITIONS = DEBUG;
				SWIFT_OPTIMIZATION_LEVEL = "-Onone";
			};
			name = Debug;
		};
		2C8DC3632574169800F3A681 /* Release */ = {
			isa = XCBuildConfiguration;
			buildSettings = {
				ALWAYS_SEARCH_USER_PATHS = NO;
				CLANG_ANALYZER_NONNULL = YES;
				CLANG_ANALYZER_NUMBER_OBJECT_CONVERSION = YES_AGGRESSIVE;
				CLANG_CXX_LANGUAGE_STANDARD = "gnu++14";
				CLANG_CXX_LIBRARY = "libc++";
				CLANG_ENABLE_MODULES = YES;
				CLANG_ENABLE_OBJC_ARC = YES;
				CLANG_ENABLE_OBJC_WEAK = YES;
				CLANG_WARN_BLOCK_CAPTURE_AUTORELEASING = YES;
				CLANG_WARN_BOOL_CONVERSION = YES;
				CLANG_WARN_COMMA = YES;
				CLANG_WARN_CONSTANT_CONVERSION = YES;
				CLANG_WARN_DEPRECATED_OBJC_IMPLEMENTATIONS = YES;
				CLANG_WARN_DIRECT_OBJC_ISA_USAGE = YES_ERROR;
				CLANG_WARN_DOCUMENTATION_COMMENTS = YES;
				CLANG_WARN_EMPTY_BODY = YES;
				CLANG_WARN_ENUM_CONVERSION = YES;
				CLANG_WARN_INFINITE_RECURSION = YES;
				CLANG_WARN_INT_CONVERSION = YES;
				CLANG_WARN_NON_LITERAL_NULL_CONVERSION = YES;
				CLANG_WARN_OBJC_IMPLICIT_RETAIN_SELF = YES;
				CLANG_WARN_OBJC_LITERAL_CONVERSION = YES;
				CLANG_WARN_OBJC_ROOT_CLASS = YES_ERROR;
				CLANG_WARN_QUOTED_INCLUDE_IN_FRAMEWORK_HEADER = YES;
				CLANG_WARN_RANGE_LOOP_ANALYSIS = YES;
				CLANG_WARN_STRICT_PROTOTYPES = YES;
				CLANG_WARN_SUSPICIOUS_MOVE = YES;
				CLANG_WARN_UNGUARDED_AVAILABILITY = YES_AGGRESSIVE;
				CLANG_WARN_UNREACHABLE_CODE = YES;
				CLANG_WARN__DUPLICATE_METHOD_MATCH = YES;
				COPY_PHASE_STRIP = NO;
				DEBUG_INFORMATION_FORMAT = "dwarf-with-dsym";
				ENABLE_NS_ASSERTIONS = NO;
				ENABLE_STRICT_OBJC_MSGSEND = YES;
				GCC_C_LANGUAGE_STANDARD = gnu11;
				GCC_NO_COMMON_BLOCKS = YES;
				GCC_WARN_64_TO_32_BIT_CONVERSION = YES;
				GCC_WARN_ABOUT_RETURN_TYPE = YES_ERROR;
				GCC_WARN_UNDECLARED_SELECTOR = YES;
				GCC_WARN_UNINITIALIZED_AUTOS = YES_AGGRESSIVE;
				GCC_WARN_UNUSED_FUNCTION = YES;
				GCC_WARN_UNUSED_VARIABLE = YES;
				MACOSX_DEPLOYMENT_TARGET = 11.0;
				MTL_ENABLE_DEBUG_INFO = NO;
				MTL_FAST_MATH = YES;
				SDKROOT = macosx;
				SWIFT_COMPILATION_MODE = wholemodule;
				SWIFT_OPTIMIZATION_LEVEL = "-O";
			};
			name = Release;
		};
		2C8DC3652574169800F3A681 /* Debug */ = {
			isa = XCBuildConfiguration;
			buildSettings = {
				ASSETCATALOG_COMPILER_APPICON_NAME = AppIcon;
				ASSETCATALOG_COMPILER_GLOBAL_ACCENT_COLOR_NAME = AccentColor;
				CODE_SIGN_ENTITLEMENTS = multipleObjects/multipleObjects.entitlements;
				CODE_SIGN_STYLE = Automatic;
				COMBINE_HIDPI_IMAGES = YES;
				INFOPLIST_FILE = multipleObjects/Info.plist;
				LD_RUNPATH_SEARCH_PATHS = (
					"$(inherited)",
					"@executable_path/../Frameworks",
				);
				PRODUCT_BUNDLE_IDENTIFIER = santman.multipleObjects;
				PRODUCT_NAME = "$(TARGET_NAME)";
				SWIFT_VERSION = 5.0;
			};
			name = Debug;
		};
		2C8DC3662574169800F3A681 /* Release */ = {
			isa = XCBuildConfiguration;
			buildSettings = {
				ASSETCATALOG_COMPILER_APPICON_NAME = AppIcon;
				ASSETCATALOG_COMPILER_GLOBAL_ACCENT_COLOR_NAME = AccentColor;
				CODE_SIGN_ENTITLEMENTS = multipleObjects/multipleObjects.entitlements;
				CODE_SIGN_STYLE = Automatic;
				COMBINE_HIDPI_IMAGES = YES;
				INFOPLIST_FILE = multipleObjects/Info.plist;
				LD_RUNPATH_SEARCH_PATHS = (
					"$(inherited)",
					"@executable_path/../Frameworks",
				);
				PRODUCT_BUNDLE_IDENTIFIER = santman.multipleObjects;
				PRODUCT_NAME = "$(TARGET_NAME)";
				SWIFT_VERSION = 5.0;
			};
			name = Release;
		};
/* End XCBuildConfiguration section */

/* Begin XCConfigurationList section */
		2C8DC34F2574169700F3A681 /* Build configuration list for PBXProject "multipleObjects" */ = {
			isa = XCConfigurationList;
			buildConfigurations = (
				2C8DC3622574169800F3A681 /* Debug */,
				2C8DC3632574169800F3A681 /* Release */,
			);
			defaultConfigurationIsVisible = 0;
			defaultConfigurationName = Release;
		};
		2C8DC3642574169800F3A681 /* Build configuration list for PBXNativeTarget "multipleObjects" */ = {
			isa = XCConfigurationList;
			buildConfigurations = (
				2C8DC3652574169800F3A681 /* Debug */,
				2C8DC3662574169800F3A681 /* Release */,
			);
			defaultConfigurationIsVisible = 0;
			defaultConfigurationName = Release;
		};
/* End XCConfigurationList section */
	};
	rootObject = 2C8DC34C2574169700F3A681 /* Project object */;
}
